
Microsoft Visual Studio Solution File, Format Version 12.00
# Visual Studio Version 17
VisualStudioVersion = 17.9.34622.214
MinimumVisualStudioVersion = 10.0.40219.1
Project("{FAE04EC0-301F-11D3-BF4B-00C04F79EFBC}") = "AdminApplication", "AdminApplication\AdminApplication.csproj", "{AA80C863-9F21-4F72-909E-C9EA7A06FCDE}"
EndProject
Global
	GlobalSection(SolutionConfigurationPlatforms) = preSolution
		Debug|Any CPU = Debug|Any CPU
		Release|Any CPU = Release|Any CPU
	EndGlobalSection
	GlobalSection(ProjectConfigurationPlatforms) = postSolution
		{AA80C863-9F21-4F72-909E-C9EA7A06FCDE}.Debug|Any CPU.ActiveCfg = Debug|Any CPU
		{AA80C863-9F21-4F72-909E-C9EA7A06FCDE}.Debug|Any CPU.Build.0 = Debug|Any CPU
		{AA80C863-9F21-4F72-909E-C9EA7A06FCDE}.Release|Any CPU.ActiveCfg = Release|Any CPU
		{AA80C863-9F21-4F72-909E-C9EA7A06FCDE}.Release|Any CPU.Build.0 = Release|Any CPU
	EndGlobalSection
	GlobalSection(SolutionProperties) = preSolution
		HideSolutionNode = FALSE
	EndGlobalSection
	GlobalSection(ExtensibilityGlobals) = postSolution
		SolutionGuid = {39F48D78-92DB-4889-B9A5-BAF428AE3170}
	EndGlobalSection
EndGlobal
